{
  "name": "qualitycontrol",
  "version": "1.0.0",
  "lockfileVersion": 1,
  "requires": true,
  "dependencies": {
    "axios-miniprogram": {
      "version": "1.2.2",
      "resolved": "https://registry.nlark.com/axios-miniprogram/download/axios-miniprogram-1.2.2.tgz",
      "integrity": "sha1-b/WdySdbl/aofTA1B3aiwXhUbuo="
    },
    "call-bind": {
      "version": "1.0.2",
      "resolved": "https://registry.npm.taobao.org/call-bind/download/call-bind-1.0.2.tgz?cache=0&sync_timestamp=1610405478355&other_urls=https%3A%2F%2Fregistry.npm.taobao.org%2Fcall-bind%2Fdownload%2Fcall-bind-1.0.2.tgz",
      "integrity": "sha1-sdTonmiBGcPJqQOtMKuy9qkZvjw=",
      "requires": {
        "function-bind": "^1.1.1",
        "get-intrinsic": "^1.0.2"
      }
    },
    "function-bind": {
      "version": "1.1.1",
      "resolved": "https://registry.npm.taobao.org/function-bind/download/function-bind-1.1.1.tgz",
      "integrity": "sha1-pWiZ0+o8m6uHS7l3O3xe3pL0iV0="
    },
    "get-intrinsic": {
      "version": "1.1.1",
      "resolved": "https://registry.npm.taobao.org/get-intrinsic/download/get-intrinsic-1.1.1.tgz",
      "integrity": "sha1-FfWfN2+FXERpY5SPDSTNNje0q8Y=",
      "requires": {
        "function-bind": "^1.1.1",
        "has": "^1.0.3",
        "has-symbols": "^1.0.1"
      }
    },
    "has": {
      "version": "1.0.3",
      "resolved": "https://registry.npm.taobao.org/has/download/has-1.0.3.tgz",
      "integrity": "sha1-ci18v8H2qoJB8W3YFOAR4fQeh5Y=",
      "requires": {
        "function-bind": "^1.1.1"
      }
    },
    "has-symbols": {
      "version": "1.0.2",
      "resolved": "https://registry.npm.taobao.org/has-symbols/download/has-symbols-1.0.2.tgz",
      "integrity": "sha1-Fl0wcMADCXUqEjakeTMeOsVvFCM="
    },
    "lodash": {
      "version": "4.17.21",
      "resolved": "https://registry.npm.taobao.org/lodash/download/lodash-4.17.21.tgz?cache=0&sync_timestamp=1613835817439&other_urls=https%3A%2F%2Fregistry.npm.taobao.org%2Flodash%2Fdownload%2Flodash-4.17.21.tgz",
      "integrity": "sha1-Z5WRxWTDv/quhFTPCz3zcMPWkRw="
    },
    "object-inspect": {
      "version": "1.11.0",
      "resolved": "https://registry.nlark.com/object-inspect/download/object-inspect-1.11.0.tgz",
      "integrity": "sha1-nc6xRs7dQUig2eUauI00z1CZIrE="
    },
    "qs": {
      "version": "6.10.1",
      "resolved": "https://registry.npm.taobao.org/qs/download/qs-6.10.1.tgz?cache=0&sync_timestamp=1616385248556&other_urls=https%3A%2F%2Fregistry.npm.taobao.org%2Fqs%2Fdownload%2Fqs-6.10.1.tgz",
      "integrity": "sha1-STFIL6jWR6Wqt5nFJx0hM7mB+2o=",
      "requires": {
        "side-channel": "^1.0.4"
      }
    },
    "side-channel": {
      "version": "1.0.4",
      "resolved": "https://registry.npm.taobao.org/side-channel/download/side-channel-1.0.4.tgz",
      "integrity": "sha1-785cj9wQTudRslxY1CkAEfpeos8=",
      "requires": {
        "call-bind": "^1.0.0",
        "get-intrinsic": "^1.0.2",
        "object-inspect": "^1.9.0"
      }
    },
    "uview-ui": {
      "version": "1.8.4",
      "resolved": "https://registry.npm.taobao.org/uview-ui/download/uview-ui-1.8.4.tgz?cache=0&sync_timestamp=1616143802697&other_urls=https%3A%2F%2Fregistry.npm.taobao.org%2Fuview-ui%2Fdownload%2Fuview-ui-1.8.4.tgz",
      "integrity": "sha1-4yu/I3lCHTGQIuMk4ct7U4fTvUQ="
    }
  }
}
